DEPENDENCIES
  arcgis-server
    path: .
    metadata: true
  authbind (~> 0.1)
  esri-tomcat
    path: ../esri-tomcat
  hostsfile (~> 2.4)
  iptables (~> 1.0)
  java
  limits (~> 1.0)
  openssl (~> 4.0)
  tomcat
    path: ../tomcat
  windows (~> 1.39)
  yum-epel
    path: ../yum-epel

GRAPH
  apt (4.0.1)
    compat_resource (>= 12.10)
  arcgis-server (2.3.0)
    authbind (>= 0.0.0)
    hostsfile (>= 0.0.0)
    iptables (>= 0.0.0)
    limits (>= 0.0.0)
    ms_dotnet (>= 0.0.0)
    openssl (>= 0.0.0)
    windows (>= 0.0.0)
  authbind (0.1.10)
  build-essential (6.0.0)
    compat_resource (>= 12.10)
    mingw (>= 1.1)
    seven_zip (>= 0.0.0)
  chef-sugar (3.3.0)
  chef_handler (1.4.0)
  compat_resource (12.10.6)
  esri-tomcat (0.1.0)
    java (>= 0.0.0)
    openssl (>= 0.0.0)
    tomcat (>= 2.3.0)
  homebrew (2.1.0)
    build-essential (>= 2.1.2)
  hostsfile (2.4.5)
  iptables (1.1.0)
  java (1.40.4)
    apt (>= 0.0.0)
    homebrew (>= 0.0.0)
    windows (>= 0.0.0)
  limits (1.0.0)
  mingw (1.2.2)
    compat_resource (>= 0.0.0)
    seven_zip (>= 0.0.0)
  ms_dotnet (2.6.2)
    windows (>= 1.36.1)
  openssl (4.4.0)
    chef-sugar (>= 3.1.1)
  seven_zip (2.0.1)
    windows (>= 1.2.2)
  tomcat (2.3.0)
    compat_resource (>= 12.10.0)
  windows (1.44.1)
    chef_handler (>= 0.0.0)
  yum (3.11.0)
  yum-epel (0.6.0)
    yum (~> 3.0)
